
Microsoft Visual Studio Solution File, Format Version 12.00
# Visual Studio Version 17
VisualStudioVersion = 17.9.34714.143
MinimumVisualStudioVersion = 10.0.40219.1
Project("{2150E333-8FDC-42A3-9474-1A3956D46DE8}") = "src", "src", "{9C47EA7D-7FF1-4A60-83AA-6B75B5113FF7}"
EndProject
Project("{2150E333-8FDC-42A3-9474-1A3956D46DE8}") = "01-Domain", "01-Domain", "{2997B05B-804A-4763-ABB4-414BB1E23249}"
EndProject
Project("{2150E333-8FDC-42A3-9474-1A3956D46DE8}") = "02-Infrastructures", "02-Infrastructures", "{C2529471-3AAF-4056-8CF1-27691E220F13}"
EndProject
Project("{2150E333-8FDC-42A3-9474-1A3956D46DE8}") = "03-EndPoints", "03-EndPoints", "{33D4179C-157E-4FEC-8019-36E49148103F}"
EndProject
Project("{2150E333-8FDC-42A3-9474-1A3956D46DE8}") = "Core", "Core", "{B6D49594-8760-4B58-8EEB-11E5EEEFF137}"
EndProject
Project("{2150E333-8FDC-42A3-9474-1A3956D46DE8}") = "Services", "Services", "{4ED0979D-7929-4795-9E98-A5FDDE03F43B}"
EndProject
Project("{9A19103F-16F7-4668-BE54-9A1E7A4F7556}") = "App.Domain.Core", "App.Domain.Core\App.Domain.Core.csproj", "{BCCBEB0D-23D3-4412-897D-BC36C5577659}"
EndProject
Project("{9A19103F-16F7-4668-BE54-9A1E7A4F7556}") = "App.Domain.Services", "App.Domain.Services\App.Domain.Services.csproj", "{947F58F6-C2F4-4C4D-9D1F-1FA32C0BD8CB}"
EndProject
Project("{9A19103F-16F7-4668-BE54-9A1E7A4F7556}") = "App.Domain.AppServices", "App.Domain.AppServices\App.Domain.AppServices.csproj", "{F397AF71-4663-4F34-AF05-5D4617D5BF7E}"
EndProject
Project("{2150E333-8FDC-42A3-9474-1A3956D46DE8}") = "DataAccess", "DataAccess", "{3F8B8B59-804F-44C0-9EFB-E34729D5774C}"
EndProject
Project("{9A19103F-16F7-4668-BE54-9A1E7A4F7556}") = "App.Infra.Data.Repos.Ef", "App.Infra.Data.Repos.Ef\App.Infra.Data.Repos.Ef.csproj", "{E48DE44F-77E7-4A57-91D1-D57A1671B3C7}"
EndProject
Project("{9A19103F-16F7-4668-BE54-9A1E7A4F7556}") = "App.EndPoints.UI.RazorPages", "App.EndPoints.UI.RazorPages\App.EndPoints.UI.RazorPages.csproj", "{B670CED7-CC09-4310-B855-7778E5D70E92}"
EndProject
Project("{2150E333-8FDC-42A3-9474-1A3956D46DE8}") = "DB", "DB", "{F09CD41F-E8BA-4275-9E61-0336F6EB21D0}"
EndProject
Project("{9A19103F-16F7-4668-BE54-9A1E7A4F7556}") = "App.Infra.Db.SqlServer.Ef", "App.Infra.Db.SqlServer.Ef\App.Infra.Db.SqlServer.Ef.csproj", "{FBB58DDD-378B-4B8B-965A-8353DF67CCCF}"
EndProject
Project("{2150E333-8FDC-42A3-9474-1A3956D46DE8}") = "00-Framework", "00-Framework", "{79721675-E274-4EA7-B470-7E04C3FB2629}"
EndProject
Project("{9A19103F-16F7-4668-BE54-9A1E7A4F7556}") = "Framework", "Framework\Framework.csproj", "{42145100-11EA-45D5-A9C6-FC7649DB45AC}"
EndProject
Global
	GlobalSection(SolutionConfigurationPlatforms) = preSolution
		Debug|Any CPU = Debug|Any CPU
		Release|Any CPU = Release|Any CPU
	EndGlobalSection
	GlobalSection(ProjectConfigurationPlatforms) = postSolution
		{BCCBEB0D-23D3-4412-897D-BC36C5577659}.Debug|Any CPU.ActiveCfg = Debug|Any CPU
		{BCCBEB0D-23D3-4412-897D-BC36C5577659}.Debug|Any CPU.Build.0 = Debug|Any CPU
		{BCCBEB0D-23D3-4412-897D-BC36C5577659}.Release|Any CPU.ActiveCfg = Release|Any CPU
		{BCCBEB0D-23D3-4412-897D-BC36C5577659}.Release|Any CPU.Build.0 = Release|Any CPU
		{947F58F6-C2F4-4C4D-9D1F-1FA32C0BD8CB}.Debug|Any CPU.ActiveCfg = Debug|Any CPU
		{947F58F6-C2F4-4C4D-9D1F-1FA32C0BD8CB}.Debug|Any CPU.Build.0 = Debug|Any CPU
		{947F58F6-C2F4-4C4D-9D1F-1FA32C0BD8CB}.Release|Any CPU.ActiveCfg = Release|Any CPU
		{947F58F6-C2F4-4C4D-9D1F-1FA32C0BD8CB}.Release|Any CPU.Build.0 = Release|Any CPU
		{F397AF71-4663-4F34-AF05-5D4617D5BF7E}.Debug|Any CPU.ActiveCfg = Debug|Any CPU
		{F397AF71-4663-4F34-AF05-5D4617D5BF7E}.Debug|Any CPU.Build.0 = Debug|Any CPU
		{F397AF71-4663-4F34-AF05-5D4617D5BF7E}.Release|Any CPU.ActiveCfg = Release|Any CPU
		{F397AF71-4663-4F34-AF05-5D4617D5BF7E}.Release|Any CPU.Build.0 = Release|Any CPU
		{E48DE44F-77E7-4A57-91D1-D57A1671B3C7}.Debug|Any CPU.ActiveCfg = Debug|Any CPU
		{E48DE44F-77E7-4A57-91D1-D57A1671B3C7}.Debug|Any CPU.Build.0 = Debug|Any CPU
		{E48DE44F-77E7-4A57-91D1-D57A1671B3C7}.Release|Any CPU.ActiveCfg = Release|Any CPU
		{E48DE44F-77E7-4A57-91D1-D57A1671B3C7}.Release|Any CPU.Build.0 = Release|Any CPU
		{B670CED7-CC09-4310-B855-7778E5D70E92}.Debug|Any CPU.ActiveCfg = Debug|Any CPU
		{B670CED7-CC09-4310-B855-7778E5D70E92}.Debug|Any CPU.Build.0 = Debug|Any CPU
		{B670CED7-CC09-4310-B855-7778E5D70E92}.Release|Any CPU.ActiveCfg = Release|Any CPU
		{B670CED7-CC09-4310-B855-7778E5D70E92}.Release|Any CPU.Build.0 = Release|Any CPU
		{FBB58DDD-378B-4B8B-965A-8353DF67CCCF}.Debug|Any CPU.ActiveCfg = Debug|Any CPU
		{FBB58DDD-378B-4B8B-965A-8353DF67CCCF}.Debug|Any CPU.Build.0 = Debug|Any CPU
		{FBB58DDD-378B-4B8B-965A-8353DF67CCCF}.Release|Any CPU.ActiveCfg = Release|Any CPU
		{FBB58DDD-378B-4B8B-965A-8353DF67CCCF}.Release|Any CPU.Build.0 = Release|Any CPU
		{42145100-11EA-45D5-A9C6-FC7649DB45AC}.Debug|Any CPU.ActiveCfg = Debug|Any CPU
		{42145100-11EA-45D5-A9C6-FC7649DB45AC}.Debug|Any CPU.Build.0 = Debug|Any CPU
		{42145100-11EA-45D5-A9C6-FC7649DB45AC}.Release|Any CPU.ActiveCfg = Release|Any CPU
		{42145100-11EA-45D5-A9C6-FC7649DB45AC}.Release|Any CPU.Build.0 = Release|Any CPU
	EndGlobalSection
	GlobalSection(SolutionProperties) = preSolution
		HideSolutionNode = FALSE
	EndGlobalSection
	GlobalSection(NestedProjects) = preSolution
		{2997B05B-804A-4763-ABB4-414BB1E23249} = {9C47EA7D-7FF1-4A60-83AA-6B75B5113FF7}
		{C2529471-3AAF-4056-8CF1-27691E220F13} = {9C47EA7D-7FF1-4A60-83AA-6B75B5113FF7}
		{33D4179C-157E-4FEC-8019-36E49148103F} = {9C47EA7D-7FF1-4A60-83AA-6B75B5113FF7}
		{B6D49594-8760-4B58-8EEB-11E5EEEFF137} = {2997B05B-804A-4763-ABB4-414BB1E23249}
		{4ED0979D-7929-4795-9E98-A5FDDE03F43B} = {2997B05B-804A-4763-ABB4-414BB1E23249}
		{BCCBEB0D-23D3-4412-897D-BC36C5577659} = {B6D49594-8760-4B58-8EEB-11E5EEEFF137}
		{947F58F6-C2F4-4C4D-9D1F-1FA32C0BD8CB} = {4ED0979D-7929-4795-9E98-A5FDDE03F43B}
		{F397AF71-4663-4F34-AF05-5D4617D5BF7E} = {4ED0979D-7929-4795-9E98-A5FDDE03F43B}
		{3F8B8B59-804F-44C0-9EFB-E34729D5774C} = {C2529471-3AAF-4056-8CF1-27691E220F13}
		{E48DE44F-77E7-4A57-91D1-D57A1671B3C7} = {3F8B8B59-804F-44C0-9EFB-E34729D5774C}
		{B670CED7-CC09-4310-B855-7778E5D70E92} = {33D4179C-157E-4FEC-8019-36E49148103F}
		{F09CD41F-E8BA-4275-9E61-0336F6EB21D0} = {C2529471-3AAF-4056-8CF1-27691E220F13}
		{FBB58DDD-378B-4B8B-965A-8353DF67CCCF} = {F09CD41F-E8BA-4275-9E61-0336F6EB21D0}
		{79721675-E274-4EA7-B470-7E04C3FB2629} = {9C47EA7D-7FF1-4A60-83AA-6B75B5113FF7}
		{42145100-11EA-45D5-A9C6-FC7649DB45AC} = {79721675-E274-4EA7-B470-7E04C3FB2629}
	EndGlobalSection
	GlobalSection(ExtensibilityGlobals) = postSolution
		SolutionGuid = {07D1A138-9CFA-4B4A-B0E6-0B1C89126081}
	EndGlobalSection
EndGlobal
